
Microsoft Visual Studio Solution File, Format Version 12.00
# Visual Studio Version 17
VisualStudioVersion = 17.9.34616.47
MinimumVisualStudioVersion = 10.0.40219.1
Project("{9A19103F-16F7-4668-BE54-9A1E7A4F7556}") = "PREFINAL_AUTHORIZATION_PAPA_EMMANUELLE", "PREFINAL_AUTHORIZATION_PAPA_EMMANUELLE.csproj", "{D1EA6874-76EB-403C-AFD7-AD3748086FF9}"
EndProject
Project("{FAE04EC0-301F-11D3-BF4B-00C04F79EFBC}") = "AuthServer", "..\AuthServer\AuthServer.csproj", "{C46963BE-D0F9-40B8-8720-12168EF8E405}"
EndProject
Project("{FAE04EC0-301F-11D3-BF4B-00C04F79EFBC}") = "ProtectedApi", "..\ProtectedApi\ProtectedApi.csproj", "{3D624566-BE24-45D8-A4D8-8C2CBA8119FA}"
EndProject
Global
	GlobalSection(SolutionConfigurationPlatforms) = preSolution
		Debug|Any CPU = Debug|Any CPU
		Release|Any CPU = Release|Any CPU
	EndGlobalSection
	GlobalSection(ProjectConfigurationPlatforms) = postSolution
		{D1EA6874-76EB-403C-AFD7-AD3748086FF9}.Debug|Any CPU.ActiveCfg = Debug|Any CPU
		{D1EA6874-76EB-403C-AFD7-AD3748086FF9}.Debug|Any CPU.Build.0 = Debug|Any CPU
		{D1EA6874-76EB-403C-AFD7-AD3748086FF9}.Release|Any CPU.ActiveCfg = Release|Any CPU
		{D1EA6874-76EB-403C-AFD7-AD3748086FF9}.Release|Any CPU.Build.0 = Release|Any CPU
		{C46963BE-D0F9-40B8-8720-12168EF8E405}.Debug|Any CPU.ActiveCfg = Debug|Any CPU
		{C46963BE-D0F9-40B8-8720-12168EF8E405}.Debug|Any CPU.Build.0 = Debug|Any CPU
		{C46963BE-D0F9-40B8-8720-12168EF8E405}.Release|Any CPU.ActiveCfg = Release|Any CPU
		{C46963BE-D0F9-40B8-8720-12168EF8E405}.Release|Any CPU.Build.0 = Release|Any CPU
		{3D624566-BE24-45D8-A4D8-8C2CBA8119FA}.Debug|Any CPU.ActiveCfg = Debug|Any CPU
		{3D624566-BE24-45D8-A4D8-8C2CBA8119FA}.Debug|Any CPU.Build.0 = Debug|Any CPU
		{3D624566-BE24-45D8-A4D8-8C2CBA8119FA}.Release|Any CPU.ActiveCfg = Release|Any CPU
		{3D624566-BE24-45D8-A4D8-8C2CBA8119FA}.Release|Any CPU.Build.0 = Release|Any CPU
	EndGlobalSection
	GlobalSection(SolutionProperties) = preSolution
		HideSolutionNode = FALSE
	EndGlobalSection
	GlobalSection(ExtensibilityGlobals) = postSolution
		SolutionGuid = {A036AD75-5E8E-45CC-9BF4-13802E064B16}
	EndGlobalSection
EndGlobal
